
Microsoft Visual Studio Solution File, Format Version 12.00
# Visual Studio 15
VisualStudioVersion = 15.0.27004.2005
MinimumVisualStudioVersion = 10.0.40219.1
Project("{FAE04EC0-301F-11D3-BF4B-00C04F79EFBC}") = "Anonimize", "Anonimize\Anonimize.csproj", "{D5949F35-7C85-4EB7-A2D7-916ACF02C1D5}"
EndProject
Project("{FAE04EC0-301F-11D3-BF4B-00C04F79EFBC}") = "Tests", "Tests\Tests.csproj", "{7D934533-8601-4979-A0B1-8F50C3ABF836}"
EndProject
Project("{FAE04EC0-301F-11D3-BF4B-00C04F79EFBC}") = "Example", "Example\Example.csproj", "{341C424C-8FAA-4BDD-A517-F2BA029FC3A3}"
EndProject
Global
	GlobalSection(SolutionConfigurationPlatforms) = preSolution
		Debug|Any CPU = Debug|Any CPU
		Release|Any CPU = Release|Any CPU
	EndGlobalSection
	GlobalSection(ProjectConfigurationPlatforms) = postSolution
		{D5949F35-7C85-4EB7-A2D7-916ACF02C1D5}.Debug|Any CPU.ActiveCfg = Debug|Any CPU
		{D5949F35-7C85-4EB7-A2D7-916ACF02C1D5}.Debug|Any CPU.Build.0 = Debug|Any CPU
		{D5949F35-7C85-4EB7-A2D7-916ACF02C1D5}.Release|Any CPU.ActiveCfg = Release|Any CPU
		{D5949F35-7C85-4EB7-A2D7-916ACF02C1D5}.Release|Any CPU.Build.0 = Release|Any CPU
		{7D934533-8601-4979-A0B1-8F50C3ABF836}.Debug|Any CPU.ActiveCfg = Debug|Any CPU
		{7D934533-8601-4979-A0B1-8F50C3ABF836}.Debug|Any CPU.Build.0 = Debug|Any CPU
		{7D934533-8601-4979-A0B1-8F50C3ABF836}.Release|Any CPU.ActiveCfg = Release|Any CPU
		{7D934533-8601-4979-A0B1-8F50C3ABF836}.Release|Any CPU.Build.0 = Release|Any CPU
		{341C424C-8FAA-4BDD-A517-F2BA029FC3A3}.Debug|Any CPU.ActiveCfg = Debug|Any CPU
		{341C424C-8FAA-4BDD-A517-F2BA029FC3A3}.Debug|Any CPU.Build.0 = Debug|Any CPU
		{341C424C-8FAA-4BDD-A517-F2BA029FC3A3}.Release|Any CPU.ActiveCfg = Release|Any CPU
		{341C424C-8FAA-4BDD-A517-F2BA029FC3A3}.Release|Any CPU.Build.0 = Release|Any CPU
	EndGlobalSection
	GlobalSection(SolutionProperties) = preSolution
		HideSolutionNode = FALSE
	EndGlobalSection
	GlobalSection(ExtensibilityGlobals) = postSolution
		SolutionGuid = {CD2DC906-6871-4C36-86AA-FAFC9471C4D4}
	EndGlobalSection
EndGlobal
